{
  "name": "ROT Test Core",
  "lockfileVersion": 2,
  "requires": true,
  "packages": {
    "": {
      "dependencies": {
        "@types/mojang-gametest": "^0.1.1",
        "@types/mojang-minecraft": "^0.1.1"
      }
    },
    "node_modules/@types/mojang-gametest": {
      "version": "0.1.1",
      "resolved": "https://registry.npmjs.org/@types/mojang-gametest/-/mojang-gametest-0.1.1.tgz",
      "integrity": "sha512-EnQCXVd/iBMzibMjNuJxw0nQaRJIyWb+vNJ7jnx8EKO+due8XU3wEBvGeVpecm5U0+jMXfr48ILy0J8lpYoAiw==",
      "dependencies": {
        "@types/mojang-minecraft": "*"
      }
    },
    "node_modules/@types/mojang-minecraft": {
      "version": "0.1.1",
      "resolved": "https://registry.npmjs.org/@types/mojang-minecraft/-/mojang-minecraft-0.1.1.tgz",
      "integrity": "sha512-ENxeyiXqF+hXFCKToG8fWQbfxO/qMc3Yag+1Vg666Y5HCC66Pt+vVUgnD6GdIqcCVZekbLucDEZfaFvDjHiLOw=="
    }
  },
  "dependencies": {
    "@types/mojang-gametest": {
      "version": "0.1.1",
      "resolved": "https://registry.npmjs.org/@types/mojang-gametest/-/mojang-gametest-0.1.1.tgz",
      "integrity": "sha512-EnQCXVd/iBMzibMjNuJxw0nQaRJIyWb+vNJ7jnx8EKO+due8XU3wEBvGeVpecm5U0+jMXfr48ILy0J8lpYoAiw==",
      "requires": {
        "@types/mojang-minecraft": "*"
      }
    },
    "@types/mojang-minecraft": {
      "version": "0.1.1",
      "resolved": "https://registry.npmjs.org/@types/mojang-minecraft/-/mojang-minecraft-0.1.1.tgz",
      "integrity": "sha512-ENxeyiXqF+hXFCKToG8fWQbfxO/qMc3Yag+1Vg666Y5HCC66Pt+vVUgnD6GdIqcCVZekbLucDEZfaFvDjHiLOw=="
    }
  }
}
